// !$*UTF8*$!
{
	archiveVersion = 1;
	classes = {
	};
	objectVersion = 56;
	objects = {

/* Begin PBXBuildFile section */
		101000000000000000000101 /* AppDelegate.swift in Sources */ = {isa = PBXBuildFile; fileRef = 101000000000000000000001 /* AppDelegate.swift */; };
		101000000000000000000102 /* Models.swift in Sources */ = {isa = PBXBuildFile; fileRef = 101000000000000000000002 /* Models.swift */; };
		101000000000000000000103 /* AppModel.swift in Sources */ = {isa = PBXBuildFile; fileRef = 101000000000000000000003 /* AppModel.swift */; };
		101000000000000000000104 /* APIClient.swift in Sources */ = {isa = PBXBuildFile; fileRef = 101000000000000000000004 /* APIClient.swift */; };
		101000000000000000000105 /* JSONAPI.swift in Sources */ = {isa = PBXBuildFile; fileRef = 101000000000000000000005 /* JSONAPI.swift */; };
		101000000000000000000106 /* KeychainTokenStore.swift in Sources */ = {isa = PBXBuildFile; fileRef = 101000000000000000000006 /* KeychainTokenStore.swift */; };
		101000000000000000000107 /* OP1PatchParser.swift in Sources */ = {isa = PBXBuildFile; fileRef = 101000000000000000000007 /* OP1PatchParser.swift */; };
		101000000000000000000108 /* OP1VolumeMonitor.swift in Sources */ = {isa = PBXBuildFile; fileRef = 101000000000000000000008 /* OP1VolumeMonitor.swift */; };
		101000000000000000000109 /* ContentView.swift in Sources */ = {isa = PBXBuildFile; fileRef = 101000000000000000000009 /* ContentView.swift */; };
		10100000000000000000010A /* op1fun.icns in Resources */ = {isa = PBXBuildFile; fileRef = 10100000000000000000000C /* op1fun.icns */; };
		10100000000000000000010B /* OP1VolumeAccess.swift in Sources */ = {isa = PBXBuildFile; fileRef = 10100000000000000000000E /* OP1VolumeAccess.swift */; };
		10100000000000000000010C /* AppAssets.swift in Sources */ = {isa = PBXBuildFile; fileRef = 10100000000000000000000F /* AppAssets.swift */; };
		10100000000000000000010D /* Resources in Resources */ = {isa = PBXBuildFile; fileRef = 101000000000000000000010 /* Resources */; };
		10100000000000000000010E /* PrivacyInfo.xcprivacy in Resources */ = {isa = PBXBuildFile; fileRef = 101000000000000000000011 /* PrivacyInfo.xcprivacy */; };
		10100000000000000000010F /* OP1TapeManager.swift in Sources */ = {isa = PBXBuildFile; fileRef = 101000000000000000000012 /* OP1TapeManager.swift */; };
/* End PBXBuildFile section */

/* Begin PBXFileReference section */
		101000000000000000000001 /* AppDelegate.swift */ = {isa = PBXFileReference; lastKnownFileType = sourcecode.swift; path = AppDelegate.swift; sourceTree = "<group>"; };
		101000000000000000000002 /* Models.swift */ = {isa = PBXFileReference; lastKnownFileType = sourcecode.swift; path = Models.swift; sourceTree = "<group>"; };
		101000000000000000000003 /* AppModel.swift */ = {isa = PBXFileReference; lastKnownFileType = sourcecode.swift; path = AppModel.swift; sourceTree = "<group>"; };
		101000000000000000000004 /* APIClient.swift */ = {isa = PBXFileReference; lastKnownFileType = sourcecode.swift; path = APIClient.swift; sourceTree = "<group>"; };
		101000000000000000000005 /* JSONAPI.swift */ = {isa = PBXFileReference; lastKnownFileType = sourcecode.swift; path = JSONAPI.swift; sourceTree = "<group>"; };
		101000000000000000000006 /* KeychainTokenStore.swift */ = {isa = PBXFileReference; lastKnownFileType = sourcecode.swift; path = KeychainTokenStore.swift; sourceTree = "<group>"; };
		101000000000000000000007 /* OP1PatchParser.swift */ = {isa = PBXFileReference; lastKnownFileType = sourcecode.swift; path = OP1PatchParser.swift; sourceTree = "<group>"; };
		101000000000000000000008 /* OP1VolumeMonitor.swift */ = {isa = PBXFileReference; lastKnownFileType = sourcecode.swift; path = OP1VolumeMonitor.swift; sourceTree = "<group>"; };
		101000000000000000000009 /* ContentView.swift */ = {isa = PBXFileReference; lastKnownFileType = sourcecode.swift; path = ContentView.swift; sourceTree = "<group>"; };
		10100000000000000000000A /* Info.plist */ = {isa = PBXFileReference; lastKnownFileType = text.plist.xml; path = Info.plist; sourceTree = "<group>"; };
		10100000000000000000000B /* op1fun.entitlements */ = {isa = PBXFileReference; lastKnownFileType = text.plist.entitlements; path = op1fun.entitlements; sourceTree = "<group>"; };
		10100000000000000000000C /* op1fun.icns */ = {isa = PBXFileReference; lastKnownFileType = image.icns; path = op1fun.icns; sourceTree = "<group>"; };
		10100000000000000000000D /* op1.fun.app */ = {isa = PBXFileReference; explicitFileType = wrapper.application; includeInIndex = 0; path = op1.fun.app; sourceTree = BUILT_PRODUCTS_DIR; };
		10100000000000000000000E /* OP1VolumeAccess.swift */ = {isa = PBXFileReference; lastKnownFileType = sourcecode.swift; path = OP1VolumeAccess.swift; sourceTree = "<group>"; };
		10100000000000000000000F /* AppAssets.swift */ = {isa = PBXFileReference; lastKnownFileType = sourcecode.swift; path = AppAssets.swift; sourceTree = "<group>"; };
		101000000000000000000010 /* Resources */ = {isa = PBXFileReference; lastKnownFileType = folder; path = Resources; sourceTree = "<group>"; };
		101000000000000000000011 /* PrivacyInfo.xcprivacy */ = {isa = PBXFileReference; lastKnownFileType = text.plist.xml; path = PrivacyInfo.xcprivacy; sourceTree = "<group>"; };
		101000000000000000000012 /* OP1TapeManager.swift */ = {isa = PBXFileReference; lastKnownFileType = sourcecode.swift; path = OP1TapeManager.swift; sourceTree = "<group>"; };
/* End PBXFileReference section */

/* Begin PBXGroup section */
		101000000000000000000020 = {
			isa = PBXGroup;
			children = (
				101000000000000000000021 /* op1fun */,
				101000000000000000000022 /* Products */,
			);
			sourceTree = "<group>";
		};
		101000000000000000000021 /* op1fun */ = {
			isa = PBXGroup;
			children = (
				101000000000000000000001 /* AppDelegate.swift */,
				10100000000000000000000F /* AppAssets.swift */,
				101000000000000000000003 /* AppModel.swift */,
				101000000000000000000004 /* APIClient.swift */,
				101000000000000000000009 /* ContentView.swift */,
				101000000000000000000005 /* JSONAPI.swift */,
				101000000000000000000006 /* KeychainTokenStore.swift */,
				101000000000000000000002 /* Models.swift */,
				10100000000000000000000E /* OP1VolumeAccess.swift */,
				101000000000000000000012 /* OP1TapeManager.swift */,
				101000000000000000000007 /* OP1PatchParser.swift */,
				101000000000000000000008 /* OP1VolumeMonitor.swift */,
				10100000000000000000000A /* Info.plist */,
				10100000000000000000000B /* op1fun.entitlements */,
				10100000000000000000000C /* op1fun.icns */,
				101000000000000000000011 /* PrivacyInfo.xcprivacy */,
				101000000000000000000010 /* Resources */,
			);
			path = op1fun;
			sourceTree = "<group>";
		};
		101000000000000000000022 /* Products */ = {
			isa = PBXGroup;
			children = (
				10100000000000000000000D /* op1.fun.app */,
			);
			name = Products;
			sourceTree = "<group>";
		};
/* End PBXGroup section */

/* Begin PBXNativeTarget section */
		101000000000000000000030 /* op1fun */ = {
			isa = PBXNativeTarget;
			buildConfigurationList = 101000000000000000000071 /* Build configuration list for PBXNativeTarget "op1fun" */;
			buildPhases = (
				101000000000000000000040 /* Sources */,
				101000000000000000000041 /* Resources */,
			);
			buildRules = (
			);
			dependencies = (
			);
			name = op1fun;
			productName = op1fun;
			productReference = 10100000000000000000000D /* op1.fun.app */;
			productType = "com.apple.product-type.application";
		};
/* End PBXNativeTarget section */

/* Begin PBXProject section */
		101000000000000000000050 /* Project object */ = {
			isa = PBXProject;
			attributes = {
				BuildIndependentTargetsInParallel = 1;
				LastSwiftUpdateCheck = 2600;
				LastUpgradeCheck = 2600;
				TargetAttributes = {
					101000000000000000000030 = {
						CreatedOnToolsVersion = 26.5;
					};
				};
			};
			buildConfigurationList = 101000000000000000000070 /* Build configuration list for PBXProject "op1fun" */;
			compatibilityVersion = "Xcode 14.0";
			developmentRegion = en;
			hasScannedForEncodings = 0;
			knownRegions = (
				en,
				Base,
			);
			mainGroup = 101000000000000000000020;
			productRefGroup = 101000000000000000000022 /* Products */;
			projectDirPath = "";
			projectRoot = "";
			targets = (
				101000000000000000000030 /* op1fun */,
			);
		};
/* End PBXProject section */

/* Begin PBXResourcesBuildPhase section */
		101000000000000000000041 /* Resources */ = {
			isa = PBXResourcesBuildPhase;
			buildActionMask = 2147483647;
			files = (
				10100000000000000000010A /* op1fun.icns in Resources */,
				10100000000000000000010E /* PrivacyInfo.xcprivacy in Resources */,
				10100000000000000000010D /* Resources in Resources */,
			);
			runOnlyForDeploymentPostprocessing = 0;
		};
/* End PBXResourcesBuildPhase section */

/* Begin PBXSourcesBuildPhase section */
		101000000000000000000040 /* Sources */ = {
			isa = PBXSourcesBuildPhase;
			buildActionMask = 2147483647;
			files = (
				101000000000000000000101 /* AppDelegate.swift in Sources */,
				101000000000000000000102 /* Models.swift in Sources */,
				101000000000000000000103 /* AppModel.swift in Sources */,
				101000000000000000000104 /* APIClient.swift in Sources */,
				101000000000000000000105 /* JSONAPI.swift in Sources */,
				101000000000000000000106 /* KeychainTokenStore.swift in Sources */,
				101000000000000000000107 /* OP1PatchParser.swift in Sources */,
				101000000000000000000108 /* OP1VolumeMonitor.swift in Sources */,
				101000000000000000000109 /* ContentView.swift in Sources */,
				10100000000000000000010B /* OP1VolumeAccess.swift in Sources */,
				10100000000000000000010C /* AppAssets.swift in Sources */,
				10100000000000000000010F /* OP1TapeManager.swift in Sources */,
			);
			runOnlyForDeploymentPostprocessing = 0;
		};
/* End PBXSourcesBuildPhase section */

/* Begin XCBuildConfiguration section */
		101000000000000000000060 /* Debug */ = {
			isa = XCBuildConfiguration;
			buildSettings = {
				ALWAYS_SEARCH_USER_PATHS = NO;
				CLANG_ANALYZER_NONNULL = YES;
				CLANG_ANALYZER_NUMBER_OBJECT_CONVERSION = YES_AGGRESSIVE;
				CLANG_CXX_LANGUAGE_STANDARD = "gnu++20";
				CLANG_ENABLE_MODULES = YES;
				CLANG_ENABLE_OBJC_ARC = YES;
				CLANG_ENABLE_OBJC_WEAK = YES;
				CLANG_WARN_BLOCK_CAPTURE_AUTORELEASING = YES;
				CLANG_WARN_BOOL_CONVERSION = YES;
				CLANG_WARN_COMMA = YES;
				CLANG_WARN_CONSTANT_CONVERSION = YES;
				CLANG_WARN_DEPRECATED_OBJC_IMPLEMENTATIONS = YES;
				CLANG_WARN_DIRECT_OBJC_ISA_USAGE = YES_ERROR;
				CLANG_WARN_DOCUMENTATION_COMMENTS = YES;
				CLANG_WARN_EMPTY_BODY = YES;
				CLANG_WARN_ENUM_CONVERSION = YES;
				CLANG_WARN_INFINITE_RECURSION = YES;
				CLANG_WARN_INT_CONVERSION = YES;
				CLANG_WARN_NON_LITERAL_NULL_CONVERSION = YES;
				CLANG_WARN_OBJC_IMPLICIT_RETAIN_SELF = YES;
				CLANG_WARN_OBJC_LITERAL_CONVERSION = YES;
				CLANG_WARN_OBJC_ROOT_CLASS = YES_ERROR;
				CLANG_WARN_QUOTED_INCLUDE_IN_FRAMEWORK_HEADER = YES;
				CLANG_WARN_RANGE_LOOP_ANALYSIS = YES;
				CLANG_WARN_STRICT_PROTOTYPES = YES;
				CLANG_WARN_SUSPICIOUS_MOVE = YES;
				CLANG_WARN_UNGUARDED_AVAILABILITY = YES_AGGRESSIVE;
				CLANG_WARN_UNREACHABLE_CODE = YES;
				CLANG_WARN__DUPLICATE_METHOD_MATCH = YES;
				COPY_PHASE_STRIP = NO;
				DEBUG_INFORMATION_FORMAT = dwarf;
				ENABLE_STRICT_OBJC_MSGSEND = YES;
				ENABLE_TESTABILITY = YES;
				GCC_C_LANGUAGE_STANDARD = gnu17;
				GCC_DYNAMIC_NO_PIC = NO;
				GCC_NO_COMMON_BLOCKS = YES;
				GCC_OPTIMIZATION_LEVEL = 0;
				GCC_PREPROCESSOR_DEFINITIONS = (
					"DEBUG=1",
					"$(inherited)",
				);
				GCC_WARN_64_TO_32_BIT_CONVERSION = YES;
				GCC_WARN_ABOUT_RETURN_TYPE = YES_ERROR;
				GCC_WARN_UNDECLARED_SELECTOR = YES;
				GCC_WARN_UNINITIALIZED_AUTOS = YES_AGGRESSIVE;
				GCC_WARN_UNUSED_FUNCTION = YES;
				GCC_WARN_UNUSED_VARIABLE = YES;
				MACOSX_DEPLOYMENT_TARGET = 13.0;
				MTL_ENABLE_DEBUG_INFO = INCLUDE_SOURCE;
				MTL_FAST_MATH = YES;
				ONLY_ACTIVE_ARCH = YES;
				SDKROOT = macosx;
				SWIFT_ACTIVE_COMPILATION_CONDITIONS = DEBUG;
				SWIFT_OPTIMIZATION_LEVEL = "-Onone";
				SWIFT_VERSION = 5.0;
			};
			name = Debug;
		};
		101000000000000000000061 /* Release */ = {
			isa = XCBuildConfiguration;
			buildSettings = {
				ALWAYS_SEARCH_USER_PATHS = NO;
				CLANG_ANALYZER_NONNULL = YES;
				CLANG_ANALYZER_NUMBER_OBJECT_CONVERSION = YES_AGGRESSIVE;
				CLANG_CXX_LANGUAGE_STANDARD = "gnu++20";
				CLANG_ENABLE_MODULES = YES;
				CLANG_ENABLE_OBJC_ARC = YES;
				CLANG_ENABLE_OBJC_WEAK = YES;
				CLANG_WARN_BLOCK_CAPTURE_AUTORELEASING = YES;
				CLANG_WARN_BOOL_CONVERSION = YES;
				CLANG_WARN_COMMA = YES;
				CLANG_WARN_CONSTANT_CONVERSION = YES;
				CLANG_WARN_DEPRECATED_OBJC_IMPLEMENTATIONS = YES;
				CLANG_WARN_DIRECT_OBJC_ISA_USAGE = YES_ERROR;
				CLANG_WARN_DOCUMENTATION_COMMENTS = YES;
				CLANG_WARN_EMPTY_BODY = YES;
				CLANG_WARN_ENUM_CONVERSION = YES;
				CLANG_WARN_INFINITE_RECURSION = YES;
				CLANG_WARN_INT_CONVERSION = YES;
				CLANG_WARN_NON_LITERAL_NULL_CONVERSION = YES;
				CLANG_WARN_OBJC_IMPLICIT_RETAIN_SELF = YES;
				CLANG_WARN_OBJC_LITERAL_CONVERSION = YES;
				CLANG_WARN_OBJC_ROOT_CLASS = YES_ERROR;
				CLANG_WARN_QUOTED_INCLUDE_IN_FRAMEWORK_HEADER = YES;
				CLANG_WARN_RANGE_LOOP_ANALYSIS = YES;
				CLANG_WARN_STRICT_PROTOTYPES = YES;
				CLANG_WARN_SUSPICIOUS_MOVE = YES;
				CLANG_WARN_UNGUARDED_AVAILABILITY = YES_AGGRESSIVE;
				CLANG_WARN_UNREACHABLE_CODE = YES;
				CLANG_WARN__DUPLICATE_METHOD_MATCH = YES;
				COPY_PHASE_STRIP = NO;
				DEBUG_INFORMATION_FORMAT = "dwarf-with-dsym";
				ENABLE_NS_ASSERTIONS = NO;
				ENABLE_STRICT_OBJC_MSGSEND = YES;
				GCC_C_LANGUAGE_STANDARD = gnu17;
				GCC_NO_COMMON_BLOCKS = YES;
				GCC_WARN_64_TO_32_BIT_CONVERSION = YES;
				GCC_WARN_ABOUT_RETURN_TYPE = YES_ERROR;
				GCC_WARN_UNDECLARED_SELECTOR = YES;
				GCC_WARN_UNINITIALIZED_AUTOS = YES_AGGRESSIVE;
				GCC_WARN_UNUSED_FUNCTION = YES;
				GCC_WARN_UNUSED_VARIABLE = YES;
				MACOSX_DEPLOYMENT_TARGET = 13.0;
				MTL_ENABLE_DEBUG_INFO = NO;
				MTL_FAST_MATH = YES;
				SDKROOT = macosx;
				SWIFT_COMPILATION_MODE = wholemodule;
				SWIFT_OPTIMIZATION_LEVEL = "-O";
				SWIFT_VERSION = 5.0;
			};
			name = Release;
		};
		101000000000000000000062 /* Debug */ = {
			isa = XCBuildConfiguration;
			buildSettings = {
				CODE_SIGN_ENTITLEMENTS = op1fun/op1fun.entitlements;
				CODE_SIGN_IDENTITY = "Apple Development";
				CODE_SIGN_STYLE = Automatic;
				COMBINE_HIDPI_IMAGES = YES;
				CURRENT_PROJECT_VERSION = 3;
				DEVELOPMENT_TEAM = S9R2U6487K;
				GENERATE_INFOPLIST_FILE = NO;
				INFOPLIST_FILE = op1fun/Info.plist;
				LD_RUNPATH_SEARCH_PATHS = (
					"$(inherited)",
					"@executable_path/../Frameworks",
				);
				MARKETING_VERSION = 2.0;
				PRODUCT_BUNDLE_IDENTIFIER = com.fiftyfootfoghorn.op1fun;
				PRODUCT_NAME = op1.fun;
				PROVISIONING_PROFILE_SPECIFIER = "";
				SWIFT_EMIT_LOC_STRINGS = YES;
				SWIFT_VERSION = 5.0;
			};
			name = Debug;
		};
		101000000000000000000063 /* Release */ = {
			isa = XCBuildConfiguration;
			buildSettings = {
				CODE_SIGN_ENTITLEMENTS = op1fun/op1fun.entitlements;
				CODE_SIGN_IDENTITY = "Apple Development";
				CODE_SIGN_STYLE = Automatic;
				COMBINE_HIDPI_IMAGES = YES;
				CURRENT_PROJECT_VERSION = 3;
				DEVELOPMENT_TEAM = S9R2U6487K;
				GENERATE_INFOPLIST_FILE = NO;
				INFOPLIST_FILE = op1fun/Info.plist;
				LD_RUNPATH_SEARCH_PATHS = (
					"$(inherited)",
					"@executable_path/../Frameworks",
				);
				MARKETING_VERSION = 2.0;
				PRODUCT_BUNDLE_IDENTIFIER = com.fiftyfootfoghorn.op1fun;
				PRODUCT_NAME = op1.fun;
				PROVISIONING_PROFILE_SPECIFIER = "";
				SWIFT_EMIT_LOC_STRINGS = YES;
				SWIFT_VERSION = 5.0;
			};
			name = Release;
		};
/* End XCBuildConfiguration section */

/* Begin XCConfigurationList section */
		101000000000000000000070 /* Build configuration list for PBXProject "op1fun" */ = {
			isa = XCConfigurationList;
			buildConfigurations = (
				101000000000000000000060 /* Debug */,
				101000000000000000000061 /* Release */,
			);
			defaultConfigurationIsVisible = 0;
			defaultConfigurationName = Release;
		};
		101000000000000000000071 /* Build configuration list for PBXNativeTarget "op1fun" */ = {
			isa = XCConfigurationList;
			buildConfigurations = (
				101000000000000000000062 /* Debug */,
				101000000000000000000063 /* Release */,
			);
			defaultConfigurationIsVisible = 0;
			defaultConfigurationName = Release;
		};
/* End XCConfigurationList section */
	};
	rootObject = 101000000000000000000050 /* Project object */;
}
